// !$*UTF8*$!
{
	archiveVersion = 1;
	classes = {
	};
	objectVersion = 45;
	objects = {

/* Begin PBXBuildFile section */
		06C63F151546FEEE006E4FF6 /* FeedsViewController.m in Sources */ = {isa = PBXBuildFile; fileRef = 06C63F131546FEEE006E4FF6 /* FeedsViewController.m */; };
		06C63F161546FEEE006E4FF6 /* FeedsViewController.xib in Resources */ = {isa = PBXBuildFile; fileRef = 06C63F141546FEEE006E4FF6 /* FeedsViewController.xib */; };
		06C63F1A1546FF15006E4FF6 /* MyVictoriesViewController.m in Sources */ = {isa = PBXBuildFile; fileRef = 06C63F181546FF15006E4FF6 /* MyVictoriesViewController.m */; };
		06C63F1B1546FF15006E4FF6 /* MyVictoriesViewController.xib in Resources */ = {isa = PBXBuildFile; fileRef = 06C63F191546FF15006E4FF6 /* MyVictoriesViewController.xib */; };
		06C63F1F1546FF32006E4FF6 /* MyFavouritesViewController.m in Sources */ = {isa = PBXBuildFile; fileRef = 06C63F1D1546FF32006E4FF6 /* MyFavouritesViewController.m */; };
		06C63F201546FF32006E4FF6 /* MyFavouritesViewController.xib in Resources */ = {isa = PBXBuildFile; fileRef = 06C63F1E1546FF32006E4FF6 /* MyFavouritesViewController.xib */; };
		06CEBC231551156F00090E08 /* FeedsDbAdapter.m in Sources */ = {isa = PBXBuildFile; fileRef = 06CEBC221551156F00090E08 /* FeedsDbAdapter.m */; };
		06D23DAF1552AFA700B3F1DF /* MyVictoriesDbAdapter.m in Sources */ = {isa = PBXBuildFile; fileRef = 06D23DAE1552AFA700B3F1DF /* MyVictoriesDbAdapter.m */; };
		06D23DB21552D05C00B3F1DF /* MyFavouritesDbAdapter.m in Sources */ = {isa = PBXBuildFile; fileRef = 06D23DB11552D05C00B3F1DF /* MyFavouritesDbAdapter.m */; };
		06D73AAA15492A7300E7EB7F /* RestConnection.m in Sources */ = {isa = PBXBuildFile; fileRef = 06D73AA915492A7300E7EB7F /* RestConnection.m */; };
		06D73AB615496B3900E7EB7F /* FeedsResult.m in Sources */ = {isa = PBXBuildFile; fileRef = 06D73AB515496B3800E7EB7F /* FeedsResult.m */; };
		06D94153155271B100F5382B /* VictoryDetailController.m in Sources */ = {isa = PBXBuildFile; fileRef = 06D94151155271B100F5382B /* VictoryDetailController.m */; };
		06D94154155271B100F5382B /* VictoryDetailController.xib in Resources */ = {isa = PBXBuildFile; fileRef = 06D94152155271B100F5382B /* VictoryDetailController.xib */; };
		06DA24AB1547F1AC005E1727 /* FeedsTableViewCell.xib in Resources */ = {isa = PBXBuildFile; fileRef = 06DA24AA1547F1AC005E1727 /* FeedsTableViewCell.xib */; };
		06E6575A154E7B00005CF8A8 /* NSObject+SBJSON.m in Sources */ = {isa = PBXBuildFile; fileRef = 06E6574F154E7B00005CF8A8 /* NSObject+SBJSON.m */; };
		06E6575B154E7B00005CF8A8 /* NSString+SBJSON.m in Sources */ = {isa = PBXBuildFile; fileRef = 06E65751154E7B00005CF8A8 /* NSString+SBJSON.m */; };
		06E6575C154E7B00005CF8A8 /* SBJSON.m in Sources */ = {isa = PBXBuildFile; fileRef = 06E65753154E7B00005CF8A8 /* SBJSON.m */; };
		06E6575D154E7B00005CF8A8 /* SBJsonBase.m in Sources */ = {isa = PBXBuildFile; fileRef = 06E65755154E7B00005CF8A8 /* SBJsonBase.m */; };
		06E6575E154E7B00005CF8A8 /* SBJsonParser.m in Sources */ = {isa = PBXBuildFile; fileRef = 06E65757154E7B00005CF8A8 /* SBJsonParser.m */; };
		06E6575F154E7B00005CF8A8 /* SBJsonWriter.m in Sources */ = {isa = PBXBuildFile; fileRef = 06E65759154E7B00005CF8A8 /* SBJsonWriter.m */; };
		06E65763154EA421005CF8A8 /* DataBaseHelper.m in Sources */ = {isa = PBXBuildFile; fileRef = 06E65762154EA421005CF8A8 /* DataBaseHelper.m */; };
		06E65765154EA972005CF8A8 /* CoreData.framework in Frameworks */ = {isa = PBXBuildFile; fileRef = 06E65764154EA971005CF8A8 /* CoreData.framework */; };
		06E65767154EA989005CF8A8 /* libsqlite3.dylib in Frameworks */ = {isa = PBXBuildFile; fileRef = 06E65766154EA989005CF8A8 /* libsqlite3.dylib */; };
		06E6577A154EC8E9005CF8A8 /* Pols.xcdatamodeld in Sources */ = {isa = PBXBuildFile; fileRef = 06E65778154EC8E9005CF8A8 /* Pols.xcdatamodeld */; };
		1D3623260D0F684500981E51 /* POLSAppDelegate.m in Sources */ = {isa = PBXBuildFile; fileRef = 1D3623250D0F684500981E51 /* POLSAppDelegate.m */; };
		1D60589B0D05DD56006BFB54 /* main.m in Sources */ = {isa = PBXBuildFile; fileRef = 29B97316FDCFA39411CA2CEA /* main.m */; };
		1D60589F0D05DD5A006BFB54 /* Foundation.framework in Frameworks */ = {isa = PBXBuildFile; fileRef = 1D30AB110D05D00D00671497 /* Foundation.framework */; };
		1DF5F4E00D08C38300B7A737 /* UIKit.framework in Frameworks */ = {isa = PBXBuildFile; fileRef = 1DF5F4DF0D08C38300B7A737 /* UIKit.framework */; };
		288765FD0DF74451002DB57D /* CoreGraphics.framework in Frameworks */ = {isa = PBXBuildFile; fileRef = 288765FC0DF74451002DB57D /* CoreGraphics.framework */; };
		28AD733F0D9D9553002E5188 /* MainWindow.xib in Resources */ = {isa = PBXBuildFile; fileRef = 28AD733E0D9D9553002E5188 /* MainWindow.xib */; };
/* End PBXBuildFile section */

/* Begin PBXFileReference section */
		06C63F121546FEEE006E4FF6 /* FeedsViewController.h */ = {isa = PBXFileReference; fileEncoding = 4; lastKnownFileType = sourcecode.c.h; path = FeedsViewController.h; sourceTree = "<group>"; };
		06C63F131546FEEE006E4FF6 /* FeedsViewController.m */ = {isa = PBXFileReference; fileEncoding = 4; lastKnownFileType = sourcecode.c.objc; path = FeedsViewController.m; sourceTree = "<group>"; };
		06C63F141546FEEE006E4FF6 /* FeedsViewController.xib */ = {isa = PBXFileReference; fileEncoding = 4; lastKnownFileType = file.xib; path = FeedsViewController.xib; sourceTree = "<group>"; };
		06C63F171546FF15006E4FF6 /* MyVictoriesViewController.h */ = {isa = PBXFileReference; fileEncoding = 4; lastKnownFileType = sourcecode.c.h; path = MyVictoriesViewController.h; sourceTree = "<group>"; };
		06C63F181546FF15006E4FF6 /* MyVictoriesViewController.m */ = {isa = PBXFileReference; fileEncoding = 4; lastKnownFileType = sourcecode.c.objc; path = MyVictoriesViewController.m; sourceTree = "<group>"; };
		06C63F191546FF15006E4FF6 /* MyVictoriesViewController.xib */ = {isa = PBXFileReference; fileEncoding = 4; lastKnownFileType = file.xib; path = MyVictoriesViewController.xib; sourceTree = "<group>"; };
		06C63F1C1546FF32006E4FF6 /* MyFavouritesViewController.h */ = {isa = PBXFileReference; fileEncoding = 4; lastKnownFileType = sourcecode.c.h; path = MyFavouritesViewController.h; sourceTree = "<group>"; };
		06C63F1D1546FF32006E4FF6 /* MyFavouritesViewController.m */ = {isa = PBXFileReference; fileEncoding = 4; lastKnownFileType = sourcecode.c.objc; path = MyFavouritesViewController.m; sourceTree = "<group>"; };
		06C63F1E1546FF32006E4FF6 /* MyFavouritesViewController.xib */ = {isa = PBXFileReference; fileEncoding = 4; lastKnownFileType = file.xib; path = MyFavouritesViewController.xib; sourceTree = "<group>"; };
		06CEBC211551156F00090E08 /* FeedsDbAdapter.h */ = {isa = PBXFileReference; fileEncoding = 4; lastKnownFileType = sourcecode.c.h; path = FeedsDbAdapter.h; sourceTree = "<group>"; };
		06CEBC221551156F00090E08 /* FeedsDbAdapter.m */ = {isa = PBXFileReference; fileEncoding = 4; lastKnownFileType = sourcecode.c.objc; path = FeedsDbAdapter.m; sourceTree = "<group>"; };
		06D23DAD1552AFA700B3F1DF /* MyVictoriesDbAdapter.h */ = {isa = PBXFileReference; fileEncoding = 4; lastKnownFileType = sourcecode.c.h; path = MyVictoriesDbAdapter.h; sourceTree = "<group>"; };
		06D23DAE1552AFA700B3F1DF /* MyVictoriesDbAdapter.m */ = {isa = PBXFileReference; fileEncoding = 4; lastKnownFileType = sourcecode.c.objc; path = MyVictoriesDbAdapter.m; sourceTree = "<group>"; };
		06D23DB01552D05C00B3F1DF /* MyFavouritesDbAdapter.h */ = {isa = PBXFileReference; fileEncoding = 4; lastKnownFileType = sourcecode.c.h; path = MyFavouritesDbAdapter.h; sourceTree = "<group>"; };
		06D23DB11552D05C00B3F1DF /* MyFavouritesDbAdapter.m */ = {isa = PBXFileReference; fileEncoding = 4; lastKnownFileType = sourcecode.c.objc; path = MyFavouritesDbAdapter.m; sourceTree = "<group>"; };
		06D73AA815492A5E00E7EB7F /* RestConnection.h */ = {isa = PBXFileReference; fileEncoding = 4; lastKnownFileType = sourcecode.c.h; path = RestConnection.h; sourceTree = "<group>"; };
		06D73AA915492A7300E7EB7F /* RestConnection.m */ = {isa = PBXFileReference; fileEncoding = 4; lastKnownFileType = sourcecode.c.objc; path = RestConnection.m; sourceTree = "<group>"; };
		06D73AAB15492A8800E7EB7F /* RestConnectionDelegate.h */ = {isa = PBXFileReference; fileEncoding = 4; lastKnownFileType = sourcecode.c.h; path = RestConnectionDelegate.h; sourceTree = "<group>"; };
		06D73AB415496B3800E7EB7F /* FeedsResult.h */ = {isa = PBXFileReference; fileEncoding = 4; lastKnownFileType = sourcecode.c.h; path = FeedsResult.h; sourceTree = "<group>"; };
		06D73AB515496B3800E7EB7F /* FeedsResult.m */ = {isa = PBXFileReference; fileEncoding = 4; lastKnownFileType = sourcecode.c.objc; path = FeedsResult.m; sourceTree = "<group>"; };
		06D94150155271B100F5382B /* VictoryDetailController.h */ = {isa = PBXFileReference; fileEncoding = 4; lastKnownFileType = sourcecode.c.h; path = VictoryDetailController.h; sourceTree = "<group>"; };
		06D94151155271B100F5382B /* VictoryDetailController.m */ = {isa = PBXFileReference; fileEncoding = 4; lastKnownFileType = sourcecode.c.objc; path = VictoryDetailController.m; sourceTree = "<group>"; };
		06D94152155271B100F5382B /* VictoryDetailController.xib */ = {isa = PBXFileReference; fileEncoding = 4; lastKnownFileType = file.xib; path = VictoryDetailController.xib; sourceTree = "<group>"; };
		06DA24AA1547F1AC005E1727 /* FeedsTableViewCell.xib */ = {isa = PBXFileReference; fileEncoding = 4; lastKnownFileType = file.xib; path = FeedsTableViewCell.xib; sourceTree = "<group>"; };
		06E6574D154E7B00005CF8A8 /* JSON.h */ = {isa = PBXFileReference; fileEncoding = 4; lastKnownFileType = sourcecode.c.h; path = JSON.h; sourceTree = "<group>"; };
		06E6574E154E7B00005CF8A8 /* NSObject+SBJSON.h */ = {isa = PBXFileReference; fileEncoding = 4; lastKnownFileType = sourcecode.c.h; path = "NSObject+SBJSON.h"; sourceTree = "<group>"; };
		06E6574F154E7B00005CF8A8 /* NSObject+SBJSON.m */ = {isa = PBXFileReference; fileEncoding = 4; lastKnownFileType = sourcecode.c.objc; path = "NSObject+SBJSON.m"; sourceTree = "<group>"; };
		06E65750154E7B00005CF8A8 /* NSString+SBJSON.h */ = {isa = PBXFileReference; fileEncoding = 4; lastKnownFileType = sourcecode.c.h; path = "NSString+SBJSON.h"; sourceTree = "<group>"; };
		06E65751154E7B00005CF8A8 /* NSString+SBJSON.m */ = {isa = PBXFileReference; fileEncoding = 4; lastKnownFileType = sourcecode.c.objc; path = "NSString+SBJSON.m"; sourceTree = "<group>"; };
		06E65752154E7B00005CF8A8 /* SBJSON.h */ = {isa = PBXFileReference; fileEncoding = 4; lastKnownFileType = sourcecode.c.h; path = SBJSON.h; sourceTree = "<group>"; };
		06E65753154E7B00005CF8A8 /* SBJSON.m */ = {isa = PBXFileReference; fileEncoding = 4; lastKnownFileType = sourcecode.c.objc; path = SBJSON.m; sourceTree = "<group>"; };
		06E65754154E7B00005CF8A8 /* SBJsonBase.h */ = {isa = PBXFileReference; fileEncoding = 4; lastKnownFileType = sourcecode.c.h; path = SBJsonBase.h; sourceTree = "<group>"; };
		06E65755154E7B00005CF8A8 /* SBJsonBase.m */ = {isa = PBXFileReference; fileEncoding = 4; lastKnownFileType = sourcecode.c.objc; path = SBJsonBase.m; sourceTree = "<group>"; };
		06E65756154E7B00005CF8A8 /* SBJsonParser.h */ = {isa = PBXFileReference; fileEncoding = 4; lastKnownFileType = sourcecode.c.h; path = SBJsonParser.h; sourceTree = "<group>"; };
		06E65757154E7B00005CF8A8 /* SBJsonParser.m */ = {isa = PBXFileReference; fileEncoding = 4; lastKnownFileType = sourcecode.c.objc; path = SBJsonParser.m; sourceTree = "<group>"; };
		06E65758154E7B00005CF8A8 /* SBJsonWriter.h */ = {isa = PBXFileReference; fileEncoding = 4; lastKnownFileType = sourcecode.c.h; path = SBJsonWriter.h; sourceTree = "<group>"; };
		06E65759154E7B00005CF8A8 /* SBJsonWriter.m */ = {isa = PBXFileReference; fileEncoding = 4; lastKnownFileType = sourcecode.c.objc; path = SBJsonWriter.m; sourceTree = "<group>"; };
		06E65761154EA421005CF8A8 /* DataBaseHelper.h */ = {isa = PBXFileReference; fileEncoding = 4; lastKnownFileType = sourcecode.c.h; path = DataBaseHelper.h; sourceTree = "<group>"; };
		06E65762154EA421005CF8A8 /* DataBaseHelper.m */ = {isa = PBXFileReference; fileEncoding = 4; lastKnownFileType = sourcecode.c.objc; path = DataBaseHelper.m; sourceTree = "<group>"; };
		06E65764154EA971005CF8A8 /* CoreData.framework */ = {isa = PBXFileReference; lastKnownFileType = wrapper.framework; name = CoreData.framework; path = System/Library/Frameworks/CoreData.framework; sourceTree = SDKROOT; };
		06E65766154EA989005CF8A8 /* libsqlite3.dylib */ = {isa = PBXFileReference; lastKnownFileType = "compiled.mach-o.dylib"; name = libsqlite3.dylib; path = usr/lib/libsqlite3.dylib; sourceTree = SDKROOT; };
		06E65779154EC8E9005CF8A8 /* Pols.xcdatamodel */ = {isa = PBXFileReference; lastKnownFileType = wrapper.xcdatamodel; path = Pols.xcdatamodel; sourceTree = "<group>"; };
		1D30AB110D05D00D00671497 /* Foundation.framework */ = {isa = PBXFileReference; lastKnownFileType = wrapper.framework; name = Foundation.framework; path = System/Library/Frameworks/Foundation.framework; sourceTree = SDKROOT; };
		1D3623240D0F684500981E51 /* POLSAppDelegate.h */ = {isa = PBXFileReference; fileEncoding = 4; lastKnownFileType = sourcecode.c.h; path = POLSAppDelegate.h; sourceTree = "<group>"; };
		1D3623250D0F684500981E51 /* POLSAppDelegate.m */ = {isa = PBXFileReference; fileEncoding = 4; lastKnownFileType = sourcecode.c.objc; path = POLSAppDelegate.m; sourceTree = "<group>"; };
		1D6058910D05DD3D006BFB54 /* POLS.app */ = {isa = PBXFileReference; explicitFileType = wrapper.application; includeInIndex = 0; path = POLS.app; sourceTree = BUILT_PRODUCTS_DIR; };
		1DF5F4DF0D08C38300B7A737 /* UIKit.framework */ = {isa = PBXFileReference; lastKnownFileType = wrapper.framework; name = UIKit.framework; path = System/Library/Frameworks/UIKit.framework; sourceTree = SDKROOT; };
		288765FC0DF74451002DB57D /* CoreGraphics.framework */ = {isa = PBXFileReference; lastKnownFileType = wrapper.framework; name = CoreGraphics.framework; path = System/Library/Frameworks/CoreGraphics.framework; sourceTree = SDKROOT; };
		28AD733E0D9D9553002E5188 /* MainWindow.xib */ = {isa = PBXFileReference; lastKnownFileType = file.xib; path = MainWindow.xib; sourceTree = "<group>"; };
		29B97316FDCFA39411CA2CEA /* main.m */ = {isa = PBXFileReference; fileEncoding = 4; lastKnownFileType = sourcecode.c.objc; path = main.m; sourceTree = "<group>"; };
		32CA4F630368D1EE00C91783 /* POLS_Prefix.pch */ = {isa = PBXFileReference; fileEncoding = 4; lastKnownFileType = sourcecode.c.h; path = POLS_Prefix.pch; sourceTree = "<group>"; };
		8D1107310486CEB800E47090 /* POLS-Info.plist */ = {isa = PBXFileReference; fileEncoding = 4; lastKnownFileType = text.plist.xml; path = "POLS-Info.plist"; plistStructureDefinitionIdentifier = "com.apple.xcode.plist.structure-definition.iphone.info-plist"; sourceTree = "<group>"; };
/* End PBXFileReference section */

/* Begin PBXFrameworksBuildPhase section */
		1D60588F0D05DD3D006BFB54 /* Frameworks */ = {
			isa = PBXFrameworksBuildPhase;
			buildActionMask = 2147483647;
			files = (
				06E65767154EA989005CF8A8 /* libsqlite3.dylib in Frameworks */,
				06E65765154EA972005CF8A8 /* CoreData.framework in Frameworks */,
				1D60589F0D05DD5A006BFB54 /* Foundation.framework in Frameworks */,
				1DF5F4E00D08C38300B7A737 /* UIKit.framework in Frameworks */,
				288765FD0DF74451002DB57D /* CoreGraphics.framework in Frameworks */,
			);
			runOnlyForDeploymentPostprocessing = 0;
		};
/* End PBXFrameworksBuildPhase section */

/* Begin PBXGroup section */
		06CEBC2415511F7D00090E08 /* feeds */ = {
			isa = PBXGroup;
			children = (
				06C63F121546FEEE006E4FF6 /* FeedsViewController.h */,
				06C63F131546FEEE006E4FF6 /* FeedsViewController.m */,
				06CEBC211551156F00090E08 /* FeedsDbAdapter.h */,
				06CEBC221551156F00090E08 /* FeedsDbAdapter.m */,
				06C63F141546FEEE006E4FF6 /* FeedsViewController.xib */,
				06DA24AA1547F1AC005E1727 /* FeedsTableViewCell.xib */,
			);
			name = feeds;
			sourceTree = "<group>";
		};
		06CEBC25155121BC00090E08 /* myfavourites */ = {
			isa = PBXGroup;
			children = (
				06C63F1C1546FF32006E4FF6 /* MyFavouritesViewController.h */,
				06C63F1D1546FF32006E4FF6 /* MyFavouritesViewController.m */,
				06C63F1E1546FF32006E4FF6 /* MyFavouritesViewController.xib */,
				06D23DB01552D05C00B3F1DF /* MyFavouritesDbAdapter.h */,
				06D23DB11552D05C00B3F1DF /* MyFavouritesDbAdapter.m */,
			);
			name = myfavourites;
			sourceTree = "<group>";
		};
		06CEBC26155121FD00090E08 /* myvictories */ = {
			isa = PBXGroup;
			children = (
				06C63F171546FF15006E4FF6 /* MyVictoriesViewController.h */,
				06C63F181546FF15006E4FF6 /* MyVictoriesViewController.m */,
				06C63F191546FF15006E4FF6 /* MyVictoriesViewController.xib */,
				06D23DAD1552AFA700B3F1DF /* MyVictoriesDbAdapter.h */,
				06D23DAE1552AFA700B3F1DF /* MyVictoriesDbAdapter.m */,
			);
			name = myvictories;
			sourceTree = "<group>";
		};
		06D73AAC15492B5000E7EB7F /* RestConnection */ = {
			isa = PBXGroup;
			children = (
				06D73AAB15492A8800E7EB7F /* RestConnectionDelegate.h */,
				06D73AA815492A5E00E7EB7F /* RestConnection.h */,
				06D73AA915492A7300E7EB7F /* RestConnection.m */,
			);
			name = RestConnection;
			sourceTree = "<group>";
		};
		06D73AB715496B4600E7EB7F /* model */ = {
			isa = PBXGroup;
			children = (
				06D73AB415496B3800E7EB7F /* FeedsResult.h */,
				06D73AB515496B3800E7EB7F /* FeedsResult.m */,
			);
			name = model;
			sourceTree = "<group>";
		};
		06E6574C154E7AAB005CF8A8 /* JSON */ = {
			isa = PBXGroup;
			children = (
				06E6574D154E7B00005CF8A8 /* JSON.h */,
				06E6574E154E7B00005CF8A8 /* NSObject+SBJSON.h */,
				06E6574F154E7B00005CF8A8 /* NSObject+SBJSON.m */,
				06E65750154E7B00005CF8A8 /* NSString+SBJSON.h */,
				06E65751154E7B00005CF8A8 /* NSString+SBJSON.m */,
				06E65752154E7B00005CF8A8 /* SBJSON.h */,
				06E65753154E7B00005CF8A8 /* SBJSON.m */,
				06E65754154E7B00005CF8A8 /* SBJsonBase.h */,
				06E65755154E7B00005CF8A8 /* SBJsonBase.m */,
				06E65756154E7B00005CF8A8 /* SBJsonParser.h */,
				06E65757154E7B00005CF8A8 /* SBJsonParser.m */,
				06E65758154E7B00005CF8A8 /* SBJsonWriter.h */,
				06E65759154E7B00005CF8A8 /* SBJsonWriter.m */,
			);
			name = JSON;
			sourceTree = "<group>";
		};
		06E65760154EA3D5005CF8A8 /* database */ = {
			isa = PBXGroup;
			children = (
				06E65761154EA421005CF8A8 /* DataBaseHelper.h */,
				06E65762154EA421005CF8A8 /* DataBaseHelper.m */,
			);
			name = database;
			sourceTree = "<group>";
		};
		080E96DDFE201D6D7F000001 /* Classes */ = {
			isa = PBXGroup;
			children = (
				06CEBC26155121FD00090E08 /* myvictories */,
				06CEBC25155121BC00090E08 /* myfavourites */,
				06CEBC2415511F7D00090E08 /* feeds */,
				06E65760154EA3D5005CF8A8 /* database */,
				06E6574C154E7AAB005CF8A8 /* JSON */,
				06D73AB715496B4600E7EB7F /* model */,
				06D73AAC15492B5000E7EB7F /* RestConnection */,
				1D3623240D0F684500981E51 /* POLSAppDelegate.h */,
				1D3623250D0F684500981E51 /* POLSAppDelegate.m */,
				06D94150155271B100F5382B /* VictoryDetailController.h */,
				06D94151155271B100F5382B /* VictoryDetailController.m */,
				06D94152155271B100F5382B /* VictoryDetailController.xib */,
			);
			path = Classes;
			sourceTree = "<group>";
		};
		19C28FACFE9D520D11CA2CBB /* Products */ = {
			isa = PBXGroup;
			children = (
				1D6058910D05DD3D006BFB54 /* POLS.app */,
			);
			name = Products;
			sourceTree = "<group>";
		};
		29B97314FDCFA39411CA2CEA /* CustomTemplate */ = {
			isa = PBXGroup;
			children = (
				06E65778154EC8E9005CF8A8 /* Pols.xcdatamodeld */,
				06E65766154EA989005CF8A8 /* libsqlite3.dylib */,
				06E65764154EA971005CF8A8 /* CoreData.framework */,
				080E96DDFE201D6D7F000001 /* Classes */,
				29B97315FDCFA39411CA2CEA /* Other Sources */,
				29B97317FDCFA39411CA2CEA /* Resources */,
				29B97323FDCFA39411CA2CEA /* Frameworks */,
				19C28FACFE9D520D11CA2CBB /* Products */,
			);
			name = CustomTemplate;
			sourceTree = "<group>";
		};
		29B97315FDCFA39411CA2CEA /* Other Sources */ = {
			isa = PBXGroup;
			children = (
				32CA4F630368D1EE00C91783 /* POLS_Prefix.pch */,
				29B97316FDCFA39411CA2CEA /* main.m */,
			);
			name = "Other Sources";
			sourceTree = "<group>";
		};
		29B97317FDCFA39411CA2CEA /* Resources */ = {
			isa = PBXGroup;
			children = (
				28AD733E0D9D9553002E5188 /* MainWindow.xib */,
				8D1107310486CEB800E47090 /* POLS-Info.plist */,
			);
			name = Resources;
			sourceTree = "<group>";
		};
		29B97323FDCFA39411CA2CEA /* Frameworks */ = {
			isa = PBXGroup;
			children = (
				1DF5F4DF0D08C38300B7A737 /* UIKit.framework */,
				1D30AB110D05D00D00671497 /* Foundation.framework */,
				288765FC0DF74451002DB57D /* CoreGraphics.framework */,
			);
			name = Frameworks;
			sourceTree = "<group>";
		};
/* End PBXGroup section */

/* Begin PBXNativeTarget section */
		1D6058900D05DD3D006BFB54 /* POLS */ = {
			isa = PBXNativeTarget;
			buildConfigurationList = 1D6058960D05DD3E006BFB54 /* Build configuration list for PBXNativeTarget "POLS" */;
			buildPhases = (
				1D60588D0D05DD3D006BFB54 /* Resources */,
				1D60588E0D05DD3D006BFB54 /* Sources */,
				1D60588F0D05DD3D006BFB54 /* Frameworks */,
			);
			buildRules = (
			);
			dependencies = (
			);
			name = POLS;
			productName = POLS;
			productReference = 1D6058910D05DD3D006BFB54 /* POLS.app */;
			productType = "com.apple.product-type.application";
		};
/* End PBXNativeTarget section */

/* Begin PBXProject section */
		29B97313FDCFA39411CA2CEA /* Project object */ = {
			isa = PBXProject;
			buildConfigurationList = C01FCF4E08A954540054247B /* Build configuration list for PBXProject "POLS" */;
			compatibilityVersion = "Xcode 3.1";
			developmentRegion = English;
			hasScannedForEncodings = 1;
			knownRegions = (
				en,
			);
			mainGroup = 29B97314FDCFA39411CA2CEA /* CustomTemplate */;
			projectDirPath = "";
			projectRoot = "";
			targets = (
				1D6058900D05DD3D006BFB54 /* POLS */,
			);
		};
/* End PBXProject section */

/* Begin PBXResourcesBuildPhase section */
		1D60588D0D05DD3D006BFB54 /* Resources */ = {
			isa = PBXResourcesBuildPhase;
			buildActionMask = 2147483647;
			files = (
				28AD733F0D9D9553002E5188 /* MainWindow.xib in Resources */,
				06C63F161546FEEE006E4FF6 /* FeedsViewController.xib in Resources */,
				06C63F1B1546FF15006E4FF6 /* MyVictoriesViewController.xib in Resources */,
				06C63F201546FF32006E4FF6 /* MyFavouritesViewController.xib in Resources */,
				06DA24AB1547F1AC005E1727 /* FeedsTableViewCell.xib in Resources */,
				06D94154155271B100F5382B /* VictoryDetailController.xib in Resources */,
			);
			runOnlyForDeploymentPostprocessing = 0;
		};
/* End PBXResourcesBuildPhase section */

/* Begin PBXSourcesBuildPhase section */
		1D60588E0D05DD3D006BFB54 /* Sources */ = {
			isa = PBXSourcesBuildPhase;
			buildActionMask = 2147483647;
			files = (
				1D60589B0D05DD56006BFB54 /* main.m in Sources */,
				1D3623260D0F684500981E51 /* POLSAppDelegate.m in Sources */,
				06C63F151546FEEE006E4FF6 /* FeedsViewController.m in Sources */,
				06C63F1A1546FF15006E4FF6 /* MyVictoriesViewController.m in Sources */,
				06C63F1F1546FF32006E4FF6 /* MyFavouritesViewController.m in Sources */,
				06D73AAA15492A7300E7EB7F /* RestConnection.m in Sources */,
				06D73AB615496B3900E7EB7F /* FeedsResult.m in Sources */,
				06E6575A154E7B00005CF8A8 /* NSObject+SBJSON.m in Sources */,
				06E6575B154E7B00005CF8A8 /* NSString+SBJSON.m in Sources */,
				06E6575C154E7B00005CF8A8 /* SBJSON.m in Sources */,
				06E6575D154E7B00005CF8A8 /* SBJsonBase.m in Sources */,
				06E6575E154E7B00005CF8A8 /* SBJsonParser.m in Sources */,
				06E6575F154E7B00005CF8A8 /* SBJsonWriter.m in Sources */,
				06E65763154EA421005CF8A8 /* DataBaseHelper.m in Sources */,
				06E6577A154EC8E9005CF8A8 /* Pols.xcdatamodeld in Sources */,
				06CEBC231551156F00090E08 /* FeedsDbAdapter.m in Sources */,
				06D94153155271B100F5382B /* VictoryDetailController.m in Sources */,
				06D23DAF1552AFA700B3F1DF /* MyVictoriesDbAdapter.m in Sources */,
				06D23DB21552D05C00B3F1DF /* MyFavouritesDbAdapter.m in Sources */,
			);
			runOnlyForDeploymentPostprocessing = 0;
		};
/* End PBXSourcesBuildPhase section */

/* Begin XCBuildConfiguration section */
		1D6058940D05DD3E006BFB54 /* Debug */ = {
			isa = XCBuildConfiguration;
			buildSettings = {
				ALWAYS_SEARCH_USER_PATHS = NO;
				COPY_PHASE_STRIP = NO;
				GCC_DYNAMIC_NO_PIC = NO;
				GCC_OPTIMIZATION_LEVEL = 0;
				GCC_PRECOMPILE_PREFIX_HEADER = YES;
				GCC_PREFIX_HEADER = POLS_Prefix.pch;
				INFOPLIST_FILE = "POLS-Info.plist";
				PRODUCT_NAME = POLS;
			};
			name = Debug;
		};
		1D6058950D05DD3E006BFB54 /* Release */ = {
			isa = XCBuildConfiguration;
			buildSettings = {
				ALWAYS_SEARCH_USER_PATHS = NO;
				COPY_PHASE_STRIP = YES;
				GCC_PRECOMPILE_PREFIX_HEADER = YES;
				GCC_PREFIX_HEADER = POLS_Prefix.pch;
				INFOPLIST_FILE = "POLS-Info.plist";
				PRODUCT_NAME = POLS;
				VALIDATE_PRODUCT = YES;
			};
			name = Release;
		};
		C01FCF4F08A954540054247B /* Debug */ = {
			isa = XCBuildConfiguration;
			buildSettings = {
				ARCHS = "$(ARCHS_STANDARD_32_BIT)";
				"CODE_SIGN_IDENTITY[sdk=iphoneos*]" = "iPhone Developer";
				GCC_C_LANGUAGE_STANDARD = c99;
				GCC_WARN_ABOUT_RETURN_TYPE = YES;
				GCC_WARN_UNUSED_VARIABLE = YES;
				PREBINDING = NO;
				SDKROOT = iphoneos;
			};
			name = Debug;
		};
		C01FCF5008A954540054247B /* Release */ = {
			isa = XCBuildConfiguration;
			buildSettings = {
				ARCHS = "$(ARCHS_STANDARD_32_BIT)";
				"CODE_SIGN_IDENTITY[sdk=iphoneos*]" = "iPhone Developer";
				GCC_C_LANGUAGE_STANDARD = c99;
				GCC_WARN_ABOUT_RETURN_TYPE = YES;
				GCC_WARN_UNUSED_VARIABLE = YES;
				OTHER_CFLAGS = "-DNS_BLOCK_ASSERTIONS=1";
				PREBINDING = NO;
				SDKROOT = iphoneos;
			};
			name = Release;
		};
/* End XCBuildConfiguration section */

/* Begin XCConfigurationList section */
		1D6058960D05DD3E006BFB54 /* Build configuration list for PBXNativeTarget "POLS" */ = {
			isa = XCConfigurationList;
			buildConfigurations = (
				1D6058940D05DD3E006BFB54 /* Debug */,
				1D6058950D05DD3E006BFB54 /* Release */,
			);
			defaultConfigurationIsVisible = 0;
			defaultConfigurationName = Release;
		};
		C01FCF4E08A954540054247B /* Build configuration list for PBXProject "POLS" */ = {
			isa = XCConfigurationList;
			buildConfigurations = (
				C01FCF4F08A954540054247B /* Debug */,
				C01FCF5008A954540054247B /* Release */,
			);
			defaultConfigurationIsVisible = 0;
			defaultConfigurationName = Release;
		};
/* End XCConfigurationList section */

/* Begin XCVersionGroup section */
		06E65778154EC8E9005CF8A8 /* Pols.xcdatamodeld */ = {
			isa = XCVersionGroup;
			children = (
				06E65779154EC8E9005CF8A8 /* Pols.xcdatamodel */,
			);
			currentVersion = 06E65779154EC8E9005CF8A8 /* Pols.xcdatamodel */;
			path = Pols.xcdatamodeld;
			sourceTree = "<group>";
			versionGroupType = wrapper.xcdatamodel;
		};
/* End XCVersionGroup section */
	};
	rootObject = 29B97313FDCFA39411CA2CEA /* Project object */;
}
